
Microsoft Visual Studio Solution File, Format Version 12.00
# Visual Studio Version 17
VisualStudioVersion = 17.0.31903.59
MinimumVisualStudioVersion = 10.0.40219.1
Project("{FAE04EC0-301F-11D3-BF4B-00C04F79EFBC}") = "Peony.Core", "src\Peony.Core\Peony.Core.csproj", "{A1B2C3D4-E5F6-7890-ABCD-EF1234567890}"
EndProject
Project("{FAE04EC0-301F-11D3-BF4B-00C04F79EFBC}") = "Peony.Cpu.6502", "src\Peony.Cpu.6502\Peony.Cpu.6502.csproj", "{B2C3D4E5-F6A7-8901-BCDE-F23456789012}"
EndProject
Project("{FAE04EC0-301F-11D3-BF4B-00C04F79EFBC}") = "Peony.Platform.Atari2600", "src\Peony.Platform.Atari2600\Peony.Platform.Atari2600.csproj", "{C3D4E5F6-A7B8-9012-CDEF-345678901234}"
EndProject
Project("{FAE04EC0-301F-11D3-BF4B-00C04F79EFBC}") = "Peony.Platform.NES", "src\Peony.Platform.NES\Peony.Platform.NES.csproj", "{E5F6A7B8-C9D0-1234-EF01-567890123456}"
EndProject
Project("{FAE04EC0-301F-11D3-BF4B-00C04F79EFBC}") = "Peony.Cli", "src\Peony.Cli\Peony.Cli.csproj", "{D4E5F6A7-B8C9-0123-DEF0-456789012345}"
EndProject
Project("{FAE04EC0-301F-11D3-BF4B-00C04F79EFBC}") = "Peony.Cpu.65816", "src\Peony.Cpu.65816\Peony.Cpu.65816.csproj", "{65816AAA-1111-2222-3333-444455556666}"
EndProject
Project("{FAE04EC0-301F-11D3-BF4B-00C04F79EFBC}") = "Peony.Platform.SNES", "src\Peony.Platform.SNES\Peony.Platform.SNES.csproj", "{E83BACA6-64AD-177B-CA48-9F2414AA303F}"
EndProject
Project("{FAE04EC0-301F-11D3-BF4B-00C04F79EFBC}") = "Peony.Core.Tests", "tests\Peony.Core.Tests\Peony.Core.Tests.csproj", "{A845E178-8690-2B3A-6D70-7A84554FE628}"
EndProject
Project("{2150E333-8FDC-42A3-9474-1A3956D46DE8}") = "src", "src", "{827E0CD3-B72D-47B6-A68D-7590B98EB39B}"
EndProject
Project("{FAE04EC0-301F-11D3-BF4B-00C04F79EFBC}") = "Peony.Cpu.GameBoy", "src\Peony.Cpu.GameBoy\Peony.Cpu.GameBoy.csproj", "{2FE0B5DB-F814-4993-A27A-C0B50861B619}"
EndProject
Project("{FAE04EC0-301F-11D3-BF4B-00C04F79EFBC}") = "Peony.Platform.GameBoy", "src\Peony.Platform.GameBoy\Peony.Platform.GameBoy.csproj", "{4FAD20BA-9992-415D-854A-CAEFE915DA15}"
EndProject
Project("{FAE04EC0-301F-11D3-BF4B-00C04F79EFBC}") = "Peony.Cpu.ARM7TDMI", "src\Peony.Cpu.ARM7TDMI\Peony.Cpu.ARM7TDMI.csproj", "{D7EEAB41-74BA-4767-85A4-8E38FA28EEA1}"
EndProject
Project("{FAE04EC0-301F-11D3-BF4B-00C04F79EFBC}") = "Peony.Platform.GBA", "src\Peony.Platform.GBA\Peony.Platform.GBA.csproj", "{94AEFEA3-F6CE-47F0-A31F-DC85B18FC8B8}"
EndProject
Global
	GlobalSection(SolutionConfigurationPlatforms) = preSolution
		Debug|Any CPU = Debug|Any CPU
		Debug|x64 = Debug|x64
		Debug|x86 = Debug|x86
		Release|Any CPU = Release|Any CPU
		Release|x64 = Release|x64
		Release|x86 = Release|x86
	EndGlobalSection
	GlobalSection(ProjectConfigurationPlatforms) = postSolution
		{A1B2C3D4-E5F6-7890-ABCD-EF1234567890}.Debug|Any CPU.ActiveCfg = Debug|Any CPU
		{A1B2C3D4-E5F6-7890-ABCD-EF1234567890}.Debug|Any CPU.Build.0 = Debug|Any CPU
		{A1B2C3D4-E5F6-7890-ABCD-EF1234567890}.Debug|x64.ActiveCfg = Debug|Any CPU
		{A1B2C3D4-E5F6-7890-ABCD-EF1234567890}.Debug|x64.Build.0 = Debug|Any CPU
		{A1B2C3D4-E5F6-7890-ABCD-EF1234567890}.Debug|x86.ActiveCfg = Debug|Any CPU
		{A1B2C3D4-E5F6-7890-ABCD-EF1234567890}.Debug|x86.Build.0 = Debug|Any CPU
		{A1B2C3D4-E5F6-7890-ABCD-EF1234567890}.Release|Any CPU.ActiveCfg = Release|Any CPU
		{A1B2C3D4-E5F6-7890-ABCD-EF1234567890}.Release|Any CPU.Build.0 = Release|Any CPU
		{A1B2C3D4-E5F6-7890-ABCD-EF1234567890}.Release|x64.ActiveCfg = Release|Any CPU
		{A1B2C3D4-E5F6-7890-ABCD-EF1234567890}.Release|x64.Build.0 = Release|Any CPU
		{A1B2C3D4-E5F6-7890-ABCD-EF1234567890}.Release|x86.ActiveCfg = Release|Any CPU
		{A1B2C3D4-E5F6-7890-ABCD-EF1234567890}.Release|x86.Build.0 = Release|Any CPU
		{B2C3D4E5-F6A7-8901-BCDE-F23456789012}.Debug|Any CPU.ActiveCfg = Debug|Any CPU
		{B2C3D4E5-F6A7-8901-BCDE-F23456789012}.Debug|Any CPU.Build.0 = Debug|Any CPU
		{B2C3D4E5-F6A7-8901-BCDE-F23456789012}.Debug|x64.ActiveCfg = Debug|Any CPU
		{B2C3D4E5-F6A7-8901-BCDE-F23456789012}.Debug|x64.Build.0 = Debug|Any CPU
		{B2C3D4E5-F6A7-8901-BCDE-F23456789012}.Debug|x86.ActiveCfg = Debug|Any CPU
		{B2C3D4E5-F6A7-8901-BCDE-F23456789012}.Debug|x86.Build.0 = Debug|Any CPU
		{B2C3D4E5-F6A7-8901-BCDE-F23456789012}.Release|Any CPU.ActiveCfg = Release|Any CPU
		{B2C3D4E5-F6A7-8901-BCDE-F23456789012}.Release|Any CPU.Build.0 = Release|Any CPU
		{B2C3D4E5-F6A7-8901-BCDE-F23456789012}.Release|x64.ActiveCfg = Release|Any CPU
		{B2C3D4E5-F6A7-8901-BCDE-F23456789012}.Release|x64.Build.0 = Release|Any CPU
		{B2C3D4E5-F6A7-8901-BCDE-F23456789012}.Release|x86.ActiveCfg = Release|Any CPU
		{B2C3D4E5-F6A7-8901-BCDE-F23456789012}.Release|x86.Build.0 = Release|Any CPU
		{C3D4E5F6-A7B8-9012-CDEF-345678901234}.Debug|Any CPU.ActiveCfg = Debug|Any CPU
		{C3D4E5F6-A7B8-9012-CDEF-345678901234}.Debug|Any CPU.Build.0 = Debug|Any CPU
		{C3D4E5F6-A7B8-9012-CDEF-345678901234}.Debug|x64.ActiveCfg = Debug|Any CPU
		{C3D4E5F6-A7B8-9012-CDEF-345678901234}.Debug|x64.Build.0 = Debug|Any CPU
		{C3D4E5F6-A7B8-9012-CDEF-345678901234}.Debug|x86.ActiveCfg = Debug|Any CPU
		{C3D4E5F6-A7B8-9012-CDEF-345678901234}.Debug|x86.Build.0 = Debug|Any CPU
		{C3D4E5F6-A7B8-9012-CDEF-345678901234}.Release|Any CPU.ActiveCfg = Release|Any CPU
		{C3D4E5F6-A7B8-9012-CDEF-345678901234}.Release|Any CPU.Build.0 = Release|Any CPU
		{C3D4E5F6-A7B8-9012-CDEF-345678901234}.Release|x64.ActiveCfg = Release|Any CPU
		{C3D4E5F6-A7B8-9012-CDEF-345678901234}.Release|x64.Build.0 = Release|Any CPU
		{C3D4E5F6-A7B8-9012-CDEF-345678901234}.Release|x86.ActiveCfg = Release|Any CPU
		{C3D4E5F6-A7B8-9012-CDEF-345678901234}.Release|x86.Build.0 = Release|Any CPU
		{E5F6A7B8-C9D0-1234-EF01-567890123456}.Debug|Any CPU.ActiveCfg = Debug|Any CPU
		{E5F6A7B8-C9D0-1234-EF01-567890123456}.Debug|Any CPU.Build.0 = Debug|Any CPU
		{E5F6A7B8-C9D0-1234-EF01-567890123456}.Debug|x64.ActiveCfg = Debug|Any CPU
		{E5F6A7B8-C9D0-1234-EF01-567890123456}.Debug|x64.Build.0 = Debug|Any CPU
		{E5F6A7B8-C9D0-1234-EF01-567890123456}.Debug|x86.ActiveCfg = Debug|Any CPU
		{E5F6A7B8-C9D0-1234-EF01-567890123456}.Debug|x86.Build.0 = Debug|Any CPU
		{E5F6A7B8-C9D0-1234-EF01-567890123456}.Release|Any CPU.ActiveCfg = Release|Any CPU
		{E5F6A7B8-C9D0-1234-EF01-567890123456}.Release|Any CPU.Build.0 = Release|Any CPU
		{E5F6A7B8-C9D0-1234-EF01-567890123456}.Release|x64.ActiveCfg = Release|Any CPU
		{E5F6A7B8-C9D0-1234-EF01-567890123456}.Release|x64.Build.0 = Release|Any CPU
		{E5F6A7B8-C9D0-1234-EF01-567890123456}.Release|x86.ActiveCfg = Release|Any CPU
		{E5F6A7B8-C9D0-1234-EF01-567890123456}.Release|x86.Build.0 = Release|Any CPU
		{D4E5F6A7-B8C9-0123-DEF0-456789012345}.Debug|Any CPU.ActiveCfg = Debug|Any CPU
		{D4E5F6A7-B8C9-0123-DEF0-456789012345}.Debug|Any CPU.Build.0 = Debug|Any CPU
		{D4E5F6A7-B8C9-0123-DEF0-456789012345}.Debug|x64.ActiveCfg = Debug|Any CPU
		{D4E5F6A7-B8C9-0123-DEF0-456789012345}.Debug|x64.Build.0 = Debug|Any CPU
		{D4E5F6A7-B8C9-0123-DEF0-456789012345}.Debug|x86.ActiveCfg = Debug|Any CPU
		{D4E5F6A7-B8C9-0123-DEF0-456789012345}.Debug|x86.Build.0 = Debug|Any CPU
		{D4E5F6A7-B8C9-0123-DEF0-456789012345}.Release|Any CPU.ActiveCfg = Release|Any CPU
		{D4E5F6A7-B8C9-0123-DEF0-456789012345}.Release|Any CPU.Build.0 = Release|Any CPU
		{D4E5F6A7-B8C9-0123-DEF0-456789012345}.Release|x64.ActiveCfg = Release|Any CPU
		{D4E5F6A7-B8C9-0123-DEF0-456789012345}.Release|x64.Build.0 = Release|Any CPU
		{D4E5F6A7-B8C9-0123-DEF0-456789012345}.Release|x86.ActiveCfg = Release|Any CPU
		{D4E5F6A7-B8C9-0123-DEF0-456789012345}.Release|x86.Build.0 = Release|Any CPU
		{65816AAA-1111-2222-3333-444455556666}.Debug|Any CPU.ActiveCfg = Debug|Any CPU
		{65816AAA-1111-2222-3333-444455556666}.Debug|Any CPU.Build.0 = Debug|Any CPU
		{65816AAA-1111-2222-3333-444455556666}.Debug|x64.ActiveCfg = Debug|Any CPU
		{65816AAA-1111-2222-3333-444455556666}.Debug|x64.Build.0 = Debug|Any CPU
		{65816AAA-1111-2222-3333-444455556666}.Debug|x86.ActiveCfg = Debug|Any CPU
		{65816AAA-1111-2222-3333-444455556666}.Debug|x86.Build.0 = Debug|Any CPU
		{65816AAA-1111-2222-3333-444455556666}.Release|Any CPU.ActiveCfg = Release|Any CPU
		{65816AAA-1111-2222-3333-444455556666}.Release|Any CPU.Build.0 = Release|Any CPU
		{65816AAA-1111-2222-3333-444455556666}.Release|x64.ActiveCfg = Release|Any CPU
		{65816AAA-1111-2222-3333-444455556666}.Release|x64.Build.0 = Release|Any CPU
		{65816AAA-1111-2222-3333-444455556666}.Release|x86.ActiveCfg = Release|Any CPU
		{65816AAA-1111-2222-3333-444455556666}.Release|x86.Build.0 = Release|Any CPU
		{E83BACA6-64AD-177B-CA48-9F2414AA303F}.Debug|Any CPU.ActiveCfg = Debug|Any CPU
		{E83BACA6-64AD-177B-CA48-9F2414AA303F}.Debug|Any CPU.Build.0 = Debug|Any CPU
		{E83BACA6-64AD-177B-CA48-9F2414AA303F}.Debug|x64.ActiveCfg = Debug|Any CPU
		{E83BACA6-64AD-177B-CA48-9F2414AA303F}.Debug|x64.Build.0 = Debug|Any CPU
		{E83BACA6-64AD-177B-CA48-9F2414AA303F}.Debug|x86.ActiveCfg = Debug|Any CPU
		{E83BACA6-64AD-177B-CA48-9F2414AA303F}.Debug|x86.Build.0 = Debug|Any CPU
		{E83BACA6-64AD-177B-CA48-9F2414AA303F}.Release|Any CPU.ActiveCfg = Release|Any CPU
		{E83BACA6-64AD-177B-CA48-9F2414AA303F}.Release|Any CPU.Build.0 = Release|Any CPU
		{E83BACA6-64AD-177B-CA48-9F2414AA303F}.Release|x64.ActiveCfg = Release|Any CPU
		{E83BACA6-64AD-177B-CA48-9F2414AA303F}.Release|x64.Build.0 = Release|Any CPU
		{E83BACA6-64AD-177B-CA48-9F2414AA303F}.Release|x86.ActiveCfg = Release|Any CPU
		{E83BACA6-64AD-177B-CA48-9F2414AA303F}.Release|x86.Build.0 = Release|Any CPU
		{A845E178-8690-2B3A-6D70-7A84554FE628}.Debug|Any CPU.ActiveCfg = Debug|Any CPU
		{A845E178-8690-2B3A-6D70-7A84554FE628}.Debug|Any CPU.Build.0 = Debug|Any CPU
		{A845E178-8690-2B3A-6D70-7A84554FE628}.Debug|x64.ActiveCfg = Debug|Any CPU
		{A845E178-8690-2B3A-6D70-7A84554FE628}.Debug|x64.Build.0 = Debug|Any CPU
		{A845E178-8690-2B3A-6D70-7A84554FE628}.Debug|x86.ActiveCfg = Debug|Any CPU
		{A845E178-8690-2B3A-6D70-7A84554FE628}.Debug|x86.Build.0 = Debug|Any CPU
		{A845E178-8690-2B3A-6D70-7A84554FE628}.Release|Any CPU.ActiveCfg = Release|Any CPU
		{A845E178-8690-2B3A-6D70-7A84554FE628}.Release|Any CPU.Build.0 = Release|Any CPU
		{A845E178-8690-2B3A-6D70-7A84554FE628}.Release|x64.ActiveCfg = Release|Any CPU
		{A845E178-8690-2B3A-6D70-7A84554FE628}.Release|x64.Build.0 = Release|Any CPU
		{A845E178-8690-2B3A-6D70-7A84554FE628}.Release|x86.ActiveCfg = Release|Any CPU
		{A845E178-8690-2B3A-6D70-7A84554FE628}.Release|x86.Build.0 = Release|Any CPU
		{2FE0B5DB-F814-4993-A27A-C0B50861B619}.Debug|Any CPU.ActiveCfg = Debug|Any CPU
		{2FE0B5DB-F814-4993-A27A-C0B50861B619}.Debug|Any CPU.Build.0 = Debug|Any CPU
		{2FE0B5DB-F814-4993-A27A-C0B50861B619}.Debug|x64.ActiveCfg = Debug|Any CPU
		{2FE0B5DB-F814-4993-A27A-C0B50861B619}.Debug|x64.Build.0 = Debug|Any CPU
		{2FE0B5DB-F814-4993-A27A-C0B50861B619}.Debug|x86.ActiveCfg = Debug|Any CPU
		{2FE0B5DB-F814-4993-A27A-C0B50861B619}.Debug|x86.Build.0 = Debug|Any CPU
		{2FE0B5DB-F814-4993-A27A-C0B50861B619}.Release|Any CPU.ActiveCfg = Release|Any CPU
		{2FE0B5DB-F814-4993-A27A-C0B50861B619}.Release|Any CPU.Build.0 = Release|Any CPU
		{2FE0B5DB-F814-4993-A27A-C0B50861B619}.Release|x64.ActiveCfg = Release|Any CPU
		{2FE0B5DB-F814-4993-A27A-C0B50861B619}.Release|x64.Build.0 = Release|Any CPU
		{2FE0B5DB-F814-4993-A27A-C0B50861B619}.Release|x86.ActiveCfg = Release|Any CPU
		{2FE0B5DB-F814-4993-A27A-C0B50861B619}.Release|x86.Build.0 = Release|Any CPU
		{4FAD20BA-9992-415D-854A-CAEFE915DA15}.Debug|Any CPU.ActiveCfg = Debug|Any CPU
		{4FAD20BA-9992-415D-854A-CAEFE915DA15}.Debug|Any CPU.Build.0 = Debug|Any CPU
		{4FAD20BA-9992-415D-854A-CAEFE915DA15}.Debug|x64.ActiveCfg = Debug|Any CPU
		{4FAD20BA-9992-415D-854A-CAEFE915DA15}.Debug|x64.Build.0 = Debug|Any CPU
		{4FAD20BA-9992-415D-854A-CAEFE915DA15}.Debug|x86.ActiveCfg = Debug|Any CPU
		{4FAD20BA-9992-415D-854A-CAEFE915DA15}.Debug|x86.Build.0 = Debug|Any CPU
		{4FAD20BA-9992-415D-854A-CAEFE915DA15}.Release|Any CPU.ActiveCfg = Release|Any CPU
		{4FAD20BA-9992-415D-854A-CAEFE915DA15}.Release|Any CPU.Build.0 = Release|Any CPU
		{4FAD20BA-9992-415D-854A-CAEFE915DA15}.Release|x64.ActiveCfg = Release|Any CPU
		{4FAD20BA-9992-415D-854A-CAEFE915DA15}.Release|x64.Build.0 = Release|Any CPU
		{4FAD20BA-9992-415D-854A-CAEFE915DA15}.Release|x86.ActiveCfg = Release|Any CPU
		{4FAD20BA-9992-415D-854A-CAEFE915DA15}.Release|x86.Build.0 = Release|Any CPU
		{D7EEAB41-74BA-4767-85A4-8E38FA28EEA1}.Debug|Any CPU.ActiveCfg = Debug|Any CPU
		{D7EEAB41-74BA-4767-85A4-8E38FA28EEA1}.Debug|Any CPU.Build.0 = Debug|Any CPU
		{D7EEAB41-74BA-4767-85A4-8E38FA28EEA1}.Debug|x64.ActiveCfg = Debug|Any CPU
		{D7EEAB41-74BA-4767-85A4-8E38FA28EEA1}.Debug|x64.Build.0 = Debug|Any CPU
		{D7EEAB41-74BA-4767-85A4-8E38FA28EEA1}.Debug|x86.ActiveCfg = Debug|Any CPU
		{D7EEAB41-74BA-4767-85A4-8E38FA28EEA1}.Debug|x86.Build.0 = Debug|Any CPU
		{D7EEAB41-74BA-4767-85A4-8E38FA28EEA1}.Release|Any CPU.ActiveCfg = Release|Any CPU
		{D7EEAB41-74BA-4767-85A4-8E38FA28EEA1}.Release|Any CPU.Build.0 = Release|Any CPU
		{D7EEAB41-74BA-4767-85A4-8E38FA28EEA1}.Release|x64.ActiveCfg = Release|Any CPU
		{D7EEAB41-74BA-4767-85A4-8E38FA28EEA1}.Release|x64.Build.0 = Release|Any CPU
		{D7EEAB41-74BA-4767-85A4-8E38FA28EEA1}.Release|x86.ActiveCfg = Release|Any CPU
		{D7EEAB41-74BA-4767-85A4-8E38FA28EEA1}.Release|x86.Build.0 = Release|Any CPU
		{94AEFEA3-F6CE-47F0-A31F-DC85B18FC8B8}.Debug|Any CPU.ActiveCfg = Debug|Any CPU
		{94AEFEA3-F6CE-47F0-A31F-DC85B18FC8B8}.Debug|Any CPU.Build.0 = Debug|Any CPU
		{94AEFEA3-F6CE-47F0-A31F-DC85B18FC8B8}.Debug|x64.ActiveCfg = Debug|Any CPU
		{94AEFEA3-F6CE-47F0-A31F-DC85B18FC8B8}.Debug|x64.Build.0 = Debug|Any CPU
		{94AEFEA3-F6CE-47F0-A31F-DC85B18FC8B8}.Debug|x86.ActiveCfg = Debug|Any CPU
		{94AEFEA3-F6CE-47F0-A31F-DC85B18FC8B8}.Debug|x86.Build.0 = Debug|Any CPU
		{94AEFEA3-F6CE-47F0-A31F-DC85B18FC8B8}.Release|Any CPU.ActiveCfg = Release|Any CPU
		{94AEFEA3-F6CE-47F0-A31F-DC85B18FC8B8}.Release|Any CPU.Build.0 = Release|Any CPU
		{94AEFEA3-F6CE-47F0-A31F-DC85B18FC8B8}.Release|x64.ActiveCfg = Release|Any CPU
		{94AEFEA3-F6CE-47F0-A31F-DC85B18FC8B8}.Release|x64.Build.0 = Release|Any CPU
		{94AEFEA3-F6CE-47F0-A31F-DC85B18FC8B8}.Release|x86.ActiveCfg = Release|Any CPU
		{94AEFEA3-F6CE-47F0-A31F-DC85B18FC8B8}.Release|x86.Build.0 = Release|Any CPU
	EndGlobalSection
	GlobalSection(SolutionProperties) = preSolution
		HideSolutionNode = FALSE
	EndGlobalSection
	GlobalSection(NestedProjects) = preSolution
		{2FE0B5DB-F814-4993-A27A-C0B50861B619} = {827E0CD3-B72D-47B6-A68D-7590B98EB39B}
		{4FAD20BA-9992-415D-854A-CAEFE915DA15} = {827E0CD3-B72D-47B6-A68D-7590B98EB39B}
		{D7EEAB41-74BA-4767-85A4-8E38FA28EEA1} = {827E0CD3-B72D-47B6-A68D-7590B98EB39B}
		{94AEFEA3-F6CE-47F0-A31F-DC85B18FC8B8} = {827E0CD3-B72D-47B6-A68D-7590B98EB39B}
	EndGlobalSection
EndGlobal
