
Microsoft Visual Studio Solution File, Format Version 12.00
# Visual Studio Version 17
VisualStudioVersion = 17.0.31903.59
MinimumVisualStudioVersion = 10.0.40219.1
Project("{FAE04EC0-301F-11D3-BF4B-00C04F79EFBC}") = "Peony.Core", "src\Peony.Core\Peony.Core.csproj", "{A1B2C3D4-E5F6-7890-ABCD-EF1234567890}"
EndProject
Project("{FAE04EC0-301F-11D3-BF4B-00C04F79EFBC}") = "Peony.Cpu.6502", "src\Peony.Cpu.6502\Peony.Cpu.6502.csproj", "{B2C3D4E5-F6A7-8901-BCDE-F23456789012}"
EndProject
Project("{FAE04EC0-301F-11D3-BF4B-00C04F79EFBC}") = "Peony.Platform.Atari2600", "src\Peony.Platform.Atari2600\Peony.Platform.Atari2600.csproj", "{C3D4E5F6-A7B8-9012-CDEF-345678901234}"
EndProject
Project("{FAE04EC0-301F-11D3-BF4B-00C04F79EFBC}") = "Peony.Platform.NES", "src\Peony.Platform.NES\Peony.Platform.NES.csproj", "{E5F6A7B8-C9D0-1234-EF01-567890123456}"
EndProject
Project("{FAE04EC0-301F-11D3-BF4B-00C04F79EFBC}") = "Peony.Cli", "src\Peony.Cli\Peony.Cli.csproj", "{D4E5F6A7-B8C9-0123-DEF0-456789012345}"
EndProject
Project("{FAE04EC0-301F-11D3-BF4B-00C04F79EFBC}") = "Peony.Cpu.65816", "src\Peony.Cpu.65816\Peony.Cpu.65816.csproj", "{65816AAA-1111-2222-3333-444455556666}"
EndProject
Project("{FAE04EC0-301F-11D3-BF4B-00C04F79EFBC}") = "Peony.Platform.SNES", "src\Peony.Platform.SNES\Peony.Platform.SNES.csproj", "{E83BACA6-64AD-177B-CA48-9F2414AA303F}"
EndProject
Project("{FAE04EC0-301F-11D3-BF4B-00C04F79EFBC}") = "Peony.Core.Tests", "tests\Peony.Core.Tests\Peony.Core.Tests.csproj", "{A845E178-8690-2B3A-6D70-7A84554FE628}"
EndProject
Project("{2150E333-8FDC-42A3-9474-1A3956D46DE8}") = "src", "src", "{827E0CD3-B72D-47B6-A68D-7590B98EB39B}"
EndProject
Project("{FAE04EC0-301F-11D3-BF4B-00C04F79EFBC}") = "Peony.Cpu.GameBoy", "src\Peony.Cpu.GameBoy\Peony.Cpu.GameBoy.csproj", "{2FE0B5DB-F814-4993-A27A-C0B50861B619}"
EndProject
Project("{FAE04EC0-301F-11D3-BF4B-00C04F79EFBC}") = "Peony.Platform.GameBoy", "src\Peony.Platform.GameBoy\Peony.Platform.GameBoy.csproj", "{4FAD20BA-9992-415D-854A-CAEFE915DA15}"
EndProject
Project("{FAE04EC0-301F-11D3-BF4B-00C04F79EFBC}") = "Peony.Cpu.ARM7TDMI", "src\Peony.Cpu.ARM7TDMI\Peony.Cpu.ARM7TDMI.csproj", "{D7EEAB41-74BA-4767-85A4-8E38FA28EEA1}"
EndProject
Project("{FAE04EC0-301F-11D3-BF4B-00C04F79EFBC}") = "Peony.Platform.GBA", "src\Peony.Platform.GBA\Peony.Platform.GBA.csproj", "{94AEFEA3-F6CE-47F0-A31F-DC85B18FC8B8}"
EndProject
Project("{2150E333-8FDC-42A3-9474-1A3956D46DE8}") = "tests", "tests", "{0AB3BF05-4346-4AA6-1389-037BE0695223}"
EndProject
Project("{FAE04EC0-301F-11D3-BF4B-00C04F79EFBC}") = "Peony.Platform.SNES.Tests", "tests\Peony.Platform.SNES.Tests\Peony.Platform.SNES.Tests.csproj", "{56727588-4E8E-4652-9012-49BE564BEFE7}"
EndProject
Project("{FAE04EC0-301F-11D3-BF4B-00C04F79EFBC}") = "Peony.Platform.GameBoy.Tests", "tests\Peony.Platform.GameBoy.Tests\Peony.Platform.GameBoy.Tests.csproj", "{F3416E02-AF41-49B9-999E-65875A11684C}"
EndProject
Project("{FAE04EC0-301F-11D3-BF4B-00C04F79EFBC}") = "Peony.Platform.GBA.Tests", "tests\Peony.Platform.GBA.Tests\Peony.Platform.GBA.Tests.csproj", "{72A85358-FBC1-4BE7-8434-906F02DB2A3D}"
EndProject
Project("{FAE04EC0-301F-11D3-BF4B-00C04F79EFBC}") = "Pansy.Core", "..\pansy\src\Pansy.Core\Pansy.Core.csproj", "{60F6EB88-C625-4FB2-B2BE-B26759C74C4D}"
EndProject
Project("{FAE04EC0-301F-11D3-BF4B-00C04F79EFBC}") = "Peony.Cpu.65SC02", "src\Peony.Cpu.65SC02\Peony.Cpu.65SC02.csproj", "{9C191360-B224-4B7B-8E6C-ECB570EE125F}"
EndProject
Project("{FAE04EC0-301F-11D3-BF4B-00C04F79EFBC}") = "Peony.Platform.Lynx", "src\Peony.Platform.Lynx\Peony.Platform.Lynx.csproj", "{3EF58260-C166-4AD6-8112-96E6E67FF455}"
EndProject
Project("{FAE04EC0-301F-11D3-BF4B-00C04F79EFBC}") = "Peony.Platform.Lynx.Tests", "tests\Peony.Platform.Lynx.Tests\Peony.Platform.Lynx.Tests.csproj", "{38B23106-D7A0-4C53-A446-BD53F837CC0A}"
EndProject
Project("{FAE04EC0-301F-11D3-BF4B-00C04F79EFBC}") = "Peony.Platform.Atari2600.Tests", "tests\Peony.Platform.Atari2600.Tests\Peony.Platform.Atari2600.Tests.csproj", "{F31BB6CB-7D78-4573-BE2D-32EDA5F299BD}"
EndProject
Project("{2150E333-8FDC-42A3-9474-1A3956D46DE8}") = "benchmarks", "benchmarks", "{66320409-64EC-F7C5-3DEF-65E7510DAAD1}"
EndProject
Project("{FAE04EC0-301F-11D3-BF4B-00C04F79EFBC}") = "Peony.Benchmarks", "benchmarks\Peony.Benchmarks\Peony.Benchmarks.csproj", "{8784C807-410C-444C-A004-7456F660F2CA}"
EndProject
Project("{FAE04EC0-301F-11D3-BF4B-00C04F79EFBC}") = "Peony.Cpu.Z80", "src\Peony.Cpu.Z80\Peony.Cpu.Z80.csproj", "{C390857C-26AE-4DE4-9DB5-089075716A14}"
EndProject
Project("{FAE04EC0-301F-11D3-BF4B-00C04F79EFBC}") = "Peony.Cpu.HuC6280", "src\Peony.Cpu.HuC6280\Peony.Cpu.HuC6280.csproj", "{06076325-17E0-4AC9-A1CD-AC1E29EC8E4D}"
EndProject
Project("{FAE04EC0-301F-11D3-BF4B-00C04F79EFBC}") = "Peony.Cpu.V30MZ", "src\Peony.Cpu.V30MZ\Peony.Cpu.V30MZ.csproj", "{2932CC6C-F8C7-4261-8355-6C27A0DB6B59}"
EndProject
Project("{FAE04EC0-301F-11D3-BF4B-00C04F79EFBC}") = "Peony.Cpu.M68000", "src\Peony.Cpu.M68000\Peony.Cpu.M68000.csproj", "{68F2817D-0C79-4425-A12D-0C22CBDC07A6}"
EndProject
Project("{FAE04EC0-301F-11D3-BF4B-00C04F79EFBC}") = "Peony.Platform.SMS", "src\Peony.Platform.SMS\Peony.Platform.SMS.csproj", "{2B09995D-65DB-4D34-ADD5-BBF1AD013F94}"
EndProject
Project("{FAE04EC0-301F-11D3-BF4B-00C04F79EFBC}") = "Peony.Platform.PCE", "src\Peony.Platform.PCE\Peony.Platform.PCE.csproj", "{FCBD7543-79A4-43EC-AA61-70190F8FEA4D}"
EndProject
Project("{FAE04EC0-301F-11D3-BF4B-00C04F79EFBC}") = "Peony.Platform.WonderSwan", "src\Peony.Platform.WonderSwan\Peony.Platform.WonderSwan.csproj", "{08210C49-79D0-47B4-A3A3-998DE183AE82}"
EndProject
Project("{FAE04EC0-301F-11D3-BF4B-00C04F79EFBC}") = "Peony.Platform.Genesis", "src\Peony.Platform.Genesis\Peony.Platform.Genesis.csproj", "{BCAA7289-57A2-4F7F-B472-57FAB2E81926}"
EndProject
Project("{FAE04EC0-301F-11D3-BF4B-00C04F79EFBC}") = "Peony.Cpu.F8", "src\Peony.Cpu.F8\Peony.Cpu.F8.csproj", "{01FF58C1-CDD2-477A-81AE-57A7301A102D}"
EndProject
Project("{FAE04EC0-301F-11D3-BF4B-00C04F79EFBC}") = "Peony.Platform.ChannelF", "src\Peony.Platform.ChannelF\Peony.Platform.ChannelF.csproj", "{CBF0BEE2-2D93-49F2-9873-2657800DC895}"
EndProject
Global
	GlobalSection(SolutionConfigurationPlatforms) = preSolution
		Debug|Any CPU = Debug|Any CPU
		Debug|x64 = Debug|x64
		Debug|x86 = Debug|x86
		Release|Any CPU = Release|Any CPU
		Release|x64 = Release|x64
		Release|x86 = Release|x86
	EndGlobalSection
	GlobalSection(ProjectConfigurationPlatforms) = postSolution
		{A1B2C3D4-E5F6-7890-ABCD-EF1234567890}.Debug|Any CPU.ActiveCfg = Debug|Any CPU
		{A1B2C3D4-E5F6-7890-ABCD-EF1234567890}.Debug|Any CPU.Build.0 = Debug|Any CPU
		{A1B2C3D4-E5F6-7890-ABCD-EF1234567890}.Debug|x64.ActiveCfg = Debug|Any CPU
		{A1B2C3D4-E5F6-7890-ABCD-EF1234567890}.Debug|x64.Build.0 = Debug|Any CPU
		{A1B2C3D4-E5F6-7890-ABCD-EF1234567890}.Debug|x86.ActiveCfg = Debug|Any CPU
		{A1B2C3D4-E5F6-7890-ABCD-EF1234567890}.Debug|x86.Build.0 = Debug|Any CPU
		{A1B2C3D4-E5F6-7890-ABCD-EF1234567890}.Release|Any CPU.ActiveCfg = Release|Any CPU
		{A1B2C3D4-E5F6-7890-ABCD-EF1234567890}.Release|Any CPU.Build.0 = Release|Any CPU
		{A1B2C3D4-E5F6-7890-ABCD-EF1234567890}.Release|x64.ActiveCfg = Release|Any CPU
		{A1B2C3D4-E5F6-7890-ABCD-EF1234567890}.Release|x64.Build.0 = Release|Any CPU
		{A1B2C3D4-E5F6-7890-ABCD-EF1234567890}.Release|x86.ActiveCfg = Release|Any CPU
		{A1B2C3D4-E5F6-7890-ABCD-EF1234567890}.Release|x86.Build.0 = Release|Any CPU
		{B2C3D4E5-F6A7-8901-BCDE-F23456789012}.Debug|Any CPU.ActiveCfg = Debug|Any CPU
		{B2C3D4E5-F6A7-8901-BCDE-F23456789012}.Debug|Any CPU.Build.0 = Debug|Any CPU
		{B2C3D4E5-F6A7-8901-BCDE-F23456789012}.Debug|x64.ActiveCfg = Debug|Any CPU
		{B2C3D4E5-F6A7-8901-BCDE-F23456789012}.Debug|x64.Build.0 = Debug|Any CPU
		{B2C3D4E5-F6A7-8901-BCDE-F23456789012}.Debug|x86.ActiveCfg = Debug|Any CPU
		{B2C3D4E5-F6A7-8901-BCDE-F23456789012}.Debug|x86.Build.0 = Debug|Any CPU
		{B2C3D4E5-F6A7-8901-BCDE-F23456789012}.Release|Any CPU.ActiveCfg = Release|Any CPU
		{B2C3D4E5-F6A7-8901-BCDE-F23456789012}.Release|Any CPU.Build.0 = Release|Any CPU
		{B2C3D4E5-F6A7-8901-BCDE-F23456789012}.Release|x64.ActiveCfg = Release|Any CPU
		{B2C3D4E5-F6A7-8901-BCDE-F23456789012}.Release|x64.Build.0 = Release|Any CPU
		{B2C3D4E5-F6A7-8901-BCDE-F23456789012}.Release|x86.ActiveCfg = Release|Any CPU
		{B2C3D4E5-F6A7-8901-BCDE-F23456789012}.Release|x86.Build.0 = Release|Any CPU
		{C3D4E5F6-A7B8-9012-CDEF-345678901234}.Debug|Any CPU.ActiveCfg = Debug|Any CPU
		{C3D4E5F6-A7B8-9012-CDEF-345678901234}.Debug|Any CPU.Build.0 = Debug|Any CPU
		{C3D4E5F6-A7B8-9012-CDEF-345678901234}.Debug|x64.ActiveCfg = Debug|Any CPU
		{C3D4E5F6-A7B8-9012-CDEF-345678901234}.Debug|x64.Build.0 = Debug|Any CPU
		{C3D4E5F6-A7B8-9012-CDEF-345678901234}.Debug|x86.ActiveCfg = Debug|Any CPU
		{C3D4E5F6-A7B8-9012-CDEF-345678901234}.Debug|x86.Build.0 = Debug|Any CPU
		{C3D4E5F6-A7B8-9012-CDEF-345678901234}.Release|Any CPU.ActiveCfg = Release|Any CPU
		{C3D4E5F6-A7B8-9012-CDEF-345678901234}.Release|Any CPU.Build.0 = Release|Any CPU
		{C3D4E5F6-A7B8-9012-CDEF-345678901234}.Release|x64.ActiveCfg = Release|Any CPU
		{C3D4E5F6-A7B8-9012-CDEF-345678901234}.Release|x64.Build.0 = Release|Any CPU
		{C3D4E5F6-A7B8-9012-CDEF-345678901234}.Release|x86.ActiveCfg = Release|Any CPU
		{C3D4E5F6-A7B8-9012-CDEF-345678901234}.Release|x86.Build.0 = Release|Any CPU
		{E5F6A7B8-C9D0-1234-EF01-567890123456}.Debug|Any CPU.ActiveCfg = Debug|Any CPU
		{E5F6A7B8-C9D0-1234-EF01-567890123456}.Debug|Any CPU.Build.0 = Debug|Any CPU
		{E5F6A7B8-C9D0-1234-EF01-567890123456}.Debug|x64.ActiveCfg = Debug|Any CPU
		{E5F6A7B8-C9D0-1234-EF01-567890123456}.Debug|x64.Build.0 = Debug|Any CPU
		{E5F6A7B8-C9D0-1234-EF01-567890123456}.Debug|x86.ActiveCfg = Debug|Any CPU
		{E5F6A7B8-C9D0-1234-EF01-567890123456}.Debug|x86.Build.0 = Debug|Any CPU
		{E5F6A7B8-C9D0-1234-EF01-567890123456}.Release|Any CPU.ActiveCfg = Release|Any CPU
		{E5F6A7B8-C9D0-1234-EF01-567890123456}.Release|Any CPU.Build.0 = Release|Any CPU
		{E5F6A7B8-C9D0-1234-EF01-567890123456}.Release|x64.ActiveCfg = Release|Any CPU
		{E5F6A7B8-C9D0-1234-EF01-567890123456}.Release|x64.Build.0 = Release|Any CPU
		{E5F6A7B8-C9D0-1234-EF01-567890123456}.Release|x86.ActiveCfg = Release|Any CPU
		{E5F6A7B8-C9D0-1234-EF01-567890123456}.Release|x86.Build.0 = Release|Any CPU
		{D4E5F6A7-B8C9-0123-DEF0-456789012345}.Debug|Any CPU.ActiveCfg = Debug|Any CPU
		{D4E5F6A7-B8C9-0123-DEF0-456789012345}.Debug|Any CPU.Build.0 = Debug|Any CPU
		{D4E5F6A7-B8C9-0123-DEF0-456789012345}.Debug|x64.ActiveCfg = Debug|Any CPU
		{D4E5F6A7-B8C9-0123-DEF0-456789012345}.Debug|x64.Build.0 = Debug|Any CPU
		{D4E5F6A7-B8C9-0123-DEF0-456789012345}.Debug|x86.ActiveCfg = Debug|Any CPU
		{D4E5F6A7-B8C9-0123-DEF0-456789012345}.Debug|x86.Build.0 = Debug|Any CPU
		{D4E5F6A7-B8C9-0123-DEF0-456789012345}.Release|Any CPU.ActiveCfg = Release|Any CPU
		{D4E5F6A7-B8C9-0123-DEF0-456789012345}.Release|Any CPU.Build.0 = Release|Any CPU
		{D4E5F6A7-B8C9-0123-DEF0-456789012345}.Release|x64.ActiveCfg = Release|Any CPU
		{D4E5F6A7-B8C9-0123-DEF0-456789012345}.Release|x64.Build.0 = Release|Any CPU
		{D4E5F6A7-B8C9-0123-DEF0-456789012345}.Release|x86.ActiveCfg = Release|Any CPU
		{D4E5F6A7-B8C9-0123-DEF0-456789012345}.Release|x86.Build.0 = Release|Any CPU
		{65816AAA-1111-2222-3333-444455556666}.Debug|Any CPU.ActiveCfg = Debug|Any CPU
		{65816AAA-1111-2222-3333-444455556666}.Debug|Any CPU.Build.0 = Debug|Any CPU
		{65816AAA-1111-2222-3333-444455556666}.Debug|x64.ActiveCfg = Debug|Any CPU
		{65816AAA-1111-2222-3333-444455556666}.Debug|x64.Build.0 = Debug|Any CPU
		{65816AAA-1111-2222-3333-444455556666}.Debug|x86.ActiveCfg = Debug|Any CPU
		{65816AAA-1111-2222-3333-444455556666}.Debug|x86.Build.0 = Debug|Any CPU
		{65816AAA-1111-2222-3333-444455556666}.Release|Any CPU.ActiveCfg = Release|Any CPU
		{65816AAA-1111-2222-3333-444455556666}.Release|Any CPU.Build.0 = Release|Any CPU
		{65816AAA-1111-2222-3333-444455556666}.Release|x64.ActiveCfg = Release|Any CPU
		{65816AAA-1111-2222-3333-444455556666}.Release|x64.Build.0 = Release|Any CPU
		{65816AAA-1111-2222-3333-444455556666}.Release|x86.ActiveCfg = Release|Any CPU
		{65816AAA-1111-2222-3333-444455556666}.Release|x86.Build.0 = Release|Any CPU
		{E83BACA6-64AD-177B-CA48-9F2414AA303F}.Debug|Any CPU.ActiveCfg = Debug|Any CPU
		{E83BACA6-64AD-177B-CA48-9F2414AA303F}.Debug|Any CPU.Build.0 = Debug|Any CPU
		{E83BACA6-64AD-177B-CA48-9F2414AA303F}.Debug|x64.ActiveCfg = Debug|Any CPU
		{E83BACA6-64AD-177B-CA48-9F2414AA303F}.Debug|x64.Build.0 = Debug|Any CPU
		{E83BACA6-64AD-177B-CA48-9F2414AA303F}.Debug|x86.ActiveCfg = Debug|Any CPU
		{E83BACA6-64AD-177B-CA48-9F2414AA303F}.Debug|x86.Build.0 = Debug|Any CPU
		{E83BACA6-64AD-177B-CA48-9F2414AA303F}.Release|Any CPU.ActiveCfg = Release|Any CPU
		{E83BACA6-64AD-177B-CA48-9F2414AA303F}.Release|Any CPU.Build.0 = Release|Any CPU
		{E83BACA6-64AD-177B-CA48-9F2414AA303F}.Release|x64.ActiveCfg = Release|Any CPU
		{E83BACA6-64AD-177B-CA48-9F2414AA303F}.Release|x64.Build.0 = Release|Any CPU
		{E83BACA6-64AD-177B-CA48-9F2414AA303F}.Release|x86.ActiveCfg = Release|Any CPU
		{E83BACA6-64AD-177B-CA48-9F2414AA303F}.Release|x86.Build.0 = Release|Any CPU
		{A845E178-8690-2B3A-6D70-7A84554FE628}.Debug|Any CPU.ActiveCfg = Debug|Any CPU
		{A845E178-8690-2B3A-6D70-7A84554FE628}.Debug|Any CPU.Build.0 = Debug|Any CPU
		{A845E178-8690-2B3A-6D70-7A84554FE628}.Debug|x64.ActiveCfg = Debug|Any CPU
		{A845E178-8690-2B3A-6D70-7A84554FE628}.Debug|x64.Build.0 = Debug|Any CPU
		{A845E178-8690-2B3A-6D70-7A84554FE628}.Debug|x86.ActiveCfg = Debug|Any CPU
		{A845E178-8690-2B3A-6D70-7A84554FE628}.Debug|x86.Build.0 = Debug|Any CPU
		{A845E178-8690-2B3A-6D70-7A84554FE628}.Release|Any CPU.ActiveCfg = Release|Any CPU
		{A845E178-8690-2B3A-6D70-7A84554FE628}.Release|Any CPU.Build.0 = Release|Any CPU
		{A845E178-8690-2B3A-6D70-7A84554FE628}.Release|x64.ActiveCfg = Release|Any CPU
		{A845E178-8690-2B3A-6D70-7A84554FE628}.Release|x64.Build.0 = Release|Any CPU
		{A845E178-8690-2B3A-6D70-7A84554FE628}.Release|x86.ActiveCfg = Release|Any CPU
		{A845E178-8690-2B3A-6D70-7A84554FE628}.Release|x86.Build.0 = Release|Any CPU
		{2FE0B5DB-F814-4993-A27A-C0B50861B619}.Debug|Any CPU.ActiveCfg = Debug|Any CPU
		{2FE0B5DB-F814-4993-A27A-C0B50861B619}.Debug|Any CPU.Build.0 = Debug|Any CPU
		{2FE0B5DB-F814-4993-A27A-C0B50861B619}.Debug|x64.ActiveCfg = Debug|Any CPU
		{2FE0B5DB-F814-4993-A27A-C0B50861B619}.Debug|x64.Build.0 = Debug|Any CPU
		{2FE0B5DB-F814-4993-A27A-C0B50861B619}.Debug|x86.ActiveCfg = Debug|Any CPU
		{2FE0B5DB-F814-4993-A27A-C0B50861B619}.Debug|x86.Build.0 = Debug|Any CPU
		{2FE0B5DB-F814-4993-A27A-C0B50861B619}.Release|Any CPU.ActiveCfg = Release|Any CPU
		{2FE0B5DB-F814-4993-A27A-C0B50861B619}.Release|Any CPU.Build.0 = Release|Any CPU
		{2FE0B5DB-F814-4993-A27A-C0B50861B619}.Release|x64.ActiveCfg = Release|Any CPU
		{2FE0B5DB-F814-4993-A27A-C0B50861B619}.Release|x64.Build.0 = Release|Any CPU
		{2FE0B5DB-F814-4993-A27A-C0B50861B619}.Release|x86.ActiveCfg = Release|Any CPU
		{2FE0B5DB-F814-4993-A27A-C0B50861B619}.Release|x86.Build.0 = Release|Any CPU
		{4FAD20BA-9992-415D-854A-CAEFE915DA15}.Debug|Any CPU.ActiveCfg = Debug|Any CPU
		{4FAD20BA-9992-415D-854A-CAEFE915DA15}.Debug|Any CPU.Build.0 = Debug|Any CPU
		{4FAD20BA-9992-415D-854A-CAEFE915DA15}.Debug|x64.ActiveCfg = Debug|Any CPU
		{4FAD20BA-9992-415D-854A-CAEFE915DA15}.Debug|x64.Build.0 = Debug|Any CPU
		{4FAD20BA-9992-415D-854A-CAEFE915DA15}.Debug|x86.ActiveCfg = Debug|Any CPU
		{4FAD20BA-9992-415D-854A-CAEFE915DA15}.Debug|x86.Build.0 = Debug|Any CPU
		{4FAD20BA-9992-415D-854A-CAEFE915DA15}.Release|Any CPU.ActiveCfg = Release|Any CPU
		{4FAD20BA-9992-415D-854A-CAEFE915DA15}.Release|Any CPU.Build.0 = Release|Any CPU
		{4FAD20BA-9992-415D-854A-CAEFE915DA15}.Release|x64.ActiveCfg = Release|Any CPU
		{4FAD20BA-9992-415D-854A-CAEFE915DA15}.Release|x64.Build.0 = Release|Any CPU
		{4FAD20BA-9992-415D-854A-CAEFE915DA15}.Release|x86.ActiveCfg = Release|Any CPU
		{4FAD20BA-9992-415D-854A-CAEFE915DA15}.Release|x86.Build.0 = Release|Any CPU
		{D7EEAB41-74BA-4767-85A4-8E38FA28EEA1}.Debug|Any CPU.ActiveCfg = Debug|Any CPU
		{D7EEAB41-74BA-4767-85A4-8E38FA28EEA1}.Debug|Any CPU.Build.0 = Debug|Any CPU
		{D7EEAB41-74BA-4767-85A4-8E38FA28EEA1}.Debug|x64.ActiveCfg = Debug|Any CPU
		{D7EEAB41-74BA-4767-85A4-8E38FA28EEA1}.Debug|x64.Build.0 = Debug|Any CPU
		{D7EEAB41-74BA-4767-85A4-8E38FA28EEA1}.Debug|x86.ActiveCfg = Debug|Any CPU
		{D7EEAB41-74BA-4767-85A4-8E38FA28EEA1}.Debug|x86.Build.0 = Debug|Any CPU
		{D7EEAB41-74BA-4767-85A4-8E38FA28EEA1}.Release|Any CPU.ActiveCfg = Release|Any CPU
		{D7EEAB41-74BA-4767-85A4-8E38FA28EEA1}.Release|Any CPU.Build.0 = Release|Any CPU
		{D7EEAB41-74BA-4767-85A4-8E38FA28EEA1}.Release|x64.ActiveCfg = Release|Any CPU
		{D7EEAB41-74BA-4767-85A4-8E38FA28EEA1}.Release|x64.Build.0 = Release|Any CPU
		{D7EEAB41-74BA-4767-85A4-8E38FA28EEA1}.Release|x86.ActiveCfg = Release|Any CPU
		{D7EEAB41-74BA-4767-85A4-8E38FA28EEA1}.Release|x86.Build.0 = Release|Any CPU
		{94AEFEA3-F6CE-47F0-A31F-DC85B18FC8B8}.Debug|Any CPU.ActiveCfg = Debug|Any CPU
		{94AEFEA3-F6CE-47F0-A31F-DC85B18FC8B8}.Debug|Any CPU.Build.0 = Debug|Any CPU
		{94AEFEA3-F6CE-47F0-A31F-DC85B18FC8B8}.Debug|x64.ActiveCfg = Debug|Any CPU
		{94AEFEA3-F6CE-47F0-A31F-DC85B18FC8B8}.Debug|x64.Build.0 = Debug|Any CPU
		{94AEFEA3-F6CE-47F0-A31F-DC85B18FC8B8}.Debug|x86.ActiveCfg = Debug|Any CPU
		{94AEFEA3-F6CE-47F0-A31F-DC85B18FC8B8}.Debug|x86.Build.0 = Debug|Any CPU
		{94AEFEA3-F6CE-47F0-A31F-DC85B18FC8B8}.Release|Any CPU.ActiveCfg = Release|Any CPU
		{94AEFEA3-F6CE-47F0-A31F-DC85B18FC8B8}.Release|Any CPU.Build.0 = Release|Any CPU
		{94AEFEA3-F6CE-47F0-A31F-DC85B18FC8B8}.Release|x64.ActiveCfg = Release|Any CPU
		{94AEFEA3-F6CE-47F0-A31F-DC85B18FC8B8}.Release|x64.Build.0 = Release|Any CPU
		{94AEFEA3-F6CE-47F0-A31F-DC85B18FC8B8}.Release|x86.ActiveCfg = Release|Any CPU
		{94AEFEA3-F6CE-47F0-A31F-DC85B18FC8B8}.Release|x86.Build.0 = Release|Any CPU
		{56727588-4E8E-4652-9012-49BE564BEFE7}.Debug|Any CPU.ActiveCfg = Debug|Any CPU
		{56727588-4E8E-4652-9012-49BE564BEFE7}.Debug|Any CPU.Build.0 = Debug|Any CPU
		{56727588-4E8E-4652-9012-49BE564BEFE7}.Debug|x64.ActiveCfg = Debug|Any CPU
		{56727588-4E8E-4652-9012-49BE564BEFE7}.Debug|x64.Build.0 = Debug|Any CPU
		{56727588-4E8E-4652-9012-49BE564BEFE7}.Debug|x86.ActiveCfg = Debug|Any CPU
		{56727588-4E8E-4652-9012-49BE564BEFE7}.Debug|x86.Build.0 = Debug|Any CPU
		{56727588-4E8E-4652-9012-49BE564BEFE7}.Release|Any CPU.ActiveCfg = Release|Any CPU
		{56727588-4E8E-4652-9012-49BE564BEFE7}.Release|Any CPU.Build.0 = Release|Any CPU
		{56727588-4E8E-4652-9012-49BE564BEFE7}.Release|x64.ActiveCfg = Release|Any CPU
		{56727588-4E8E-4652-9012-49BE564BEFE7}.Release|x64.Build.0 = Release|Any CPU
		{56727588-4E8E-4652-9012-49BE564BEFE7}.Release|x86.ActiveCfg = Release|Any CPU
		{56727588-4E8E-4652-9012-49BE564BEFE7}.Release|x86.Build.0 = Release|Any CPU
		{F3416E02-AF41-49B9-999E-65875A11684C}.Debug|Any CPU.ActiveCfg = Debug|Any CPU
		{F3416E02-AF41-49B9-999E-65875A11684C}.Debug|Any CPU.Build.0 = Debug|Any CPU
		{F3416E02-AF41-49B9-999E-65875A11684C}.Debug|x64.ActiveCfg = Debug|Any CPU
		{F3416E02-AF41-49B9-999E-65875A11684C}.Debug|x64.Build.0 = Debug|Any CPU
		{F3416E02-AF41-49B9-999E-65875A11684C}.Debug|x86.ActiveCfg = Debug|Any CPU
		{F3416E02-AF41-49B9-999E-65875A11684C}.Debug|x86.Build.0 = Debug|Any CPU
		{F3416E02-AF41-49B9-999E-65875A11684C}.Release|Any CPU.ActiveCfg = Release|Any CPU
		{F3416E02-AF41-49B9-999E-65875A11684C}.Release|Any CPU.Build.0 = Release|Any CPU
		{F3416E02-AF41-49B9-999E-65875A11684C}.Release|x64.ActiveCfg = Release|Any CPU
		{F3416E02-AF41-49B9-999E-65875A11684C}.Release|x64.Build.0 = Release|Any CPU
		{F3416E02-AF41-49B9-999E-65875A11684C}.Release|x86.ActiveCfg = Release|Any CPU
		{F3416E02-AF41-49B9-999E-65875A11684C}.Release|x86.Build.0 = Release|Any CPU
		{72A85358-FBC1-4BE7-8434-906F02DB2A3D}.Debug|Any CPU.ActiveCfg = Debug|Any CPU
		{72A85358-FBC1-4BE7-8434-906F02DB2A3D}.Debug|Any CPU.Build.0 = Debug|Any CPU
		{72A85358-FBC1-4BE7-8434-906F02DB2A3D}.Debug|x64.ActiveCfg = Debug|Any CPU
		{72A85358-FBC1-4BE7-8434-906F02DB2A3D}.Debug|x64.Build.0 = Debug|Any CPU
		{72A85358-FBC1-4BE7-8434-906F02DB2A3D}.Debug|x86.ActiveCfg = Debug|Any CPU
		{72A85358-FBC1-4BE7-8434-906F02DB2A3D}.Debug|x86.Build.0 = Debug|Any CPU
		{72A85358-FBC1-4BE7-8434-906F02DB2A3D}.Release|Any CPU.ActiveCfg = Release|Any CPU
		{72A85358-FBC1-4BE7-8434-906F02DB2A3D}.Release|Any CPU.Build.0 = Release|Any CPU
		{72A85358-FBC1-4BE7-8434-906F02DB2A3D}.Release|x64.ActiveCfg = Release|Any CPU
		{72A85358-FBC1-4BE7-8434-906F02DB2A3D}.Release|x64.Build.0 = Release|Any CPU
		{72A85358-FBC1-4BE7-8434-906F02DB2A3D}.Release|x86.ActiveCfg = Release|Any CPU
		{72A85358-FBC1-4BE7-8434-906F02DB2A3D}.Release|x86.Build.0 = Release|Any CPU
		{60F6EB88-C625-4FB2-B2BE-B26759C74C4D}.Debug|Any CPU.ActiveCfg = Debug|Any CPU
		{60F6EB88-C625-4FB2-B2BE-B26759C74C4D}.Debug|Any CPU.Build.0 = Debug|Any CPU
		{60F6EB88-C625-4FB2-B2BE-B26759C74C4D}.Debug|x64.ActiveCfg = Debug|Any CPU
		{60F6EB88-C625-4FB2-B2BE-B26759C74C4D}.Debug|x64.Build.0 = Debug|Any CPU
		{60F6EB88-C625-4FB2-B2BE-B26759C74C4D}.Debug|x86.ActiveCfg = Debug|Any CPU
		{60F6EB88-C625-4FB2-B2BE-B26759C74C4D}.Debug|x86.Build.0 = Debug|Any CPU
		{60F6EB88-C625-4FB2-B2BE-B26759C74C4D}.Release|Any CPU.ActiveCfg = Release|Any CPU
		{60F6EB88-C625-4FB2-B2BE-B26759C74C4D}.Release|Any CPU.Build.0 = Release|Any CPU
		{60F6EB88-C625-4FB2-B2BE-B26759C74C4D}.Release|x64.ActiveCfg = Release|Any CPU
		{60F6EB88-C625-4FB2-B2BE-B26759C74C4D}.Release|x64.Build.0 = Release|Any CPU
		{60F6EB88-C625-4FB2-B2BE-B26759C74C4D}.Release|x86.ActiveCfg = Release|Any CPU
		{60F6EB88-C625-4FB2-B2BE-B26759C74C4D}.Release|x86.Build.0 = Release|Any CPU
		{9C191360-B224-4B7B-8E6C-ECB570EE125F}.Debug|Any CPU.ActiveCfg = Debug|Any CPU
		{9C191360-B224-4B7B-8E6C-ECB570EE125F}.Debug|Any CPU.Build.0 = Debug|Any CPU
		{9C191360-B224-4B7B-8E6C-ECB570EE125F}.Debug|x64.ActiveCfg = Debug|Any CPU
		{9C191360-B224-4B7B-8E6C-ECB570EE125F}.Debug|x64.Build.0 = Debug|Any CPU
		{9C191360-B224-4B7B-8E6C-ECB570EE125F}.Debug|x86.ActiveCfg = Debug|Any CPU
		{9C191360-B224-4B7B-8E6C-ECB570EE125F}.Debug|x86.Build.0 = Debug|Any CPU
		{9C191360-B224-4B7B-8E6C-ECB570EE125F}.Release|Any CPU.ActiveCfg = Release|Any CPU
		{9C191360-B224-4B7B-8E6C-ECB570EE125F}.Release|Any CPU.Build.0 = Release|Any CPU
		{9C191360-B224-4B7B-8E6C-ECB570EE125F}.Release|x64.ActiveCfg = Release|Any CPU
		{9C191360-B224-4B7B-8E6C-ECB570EE125F}.Release|x64.Build.0 = Release|Any CPU
		{9C191360-B224-4B7B-8E6C-ECB570EE125F}.Release|x86.ActiveCfg = Release|Any CPU
		{9C191360-B224-4B7B-8E6C-ECB570EE125F}.Release|x86.Build.0 = Release|Any CPU
		{3EF58260-C166-4AD6-8112-96E6E67FF455}.Debug|Any CPU.ActiveCfg = Debug|Any CPU
		{3EF58260-C166-4AD6-8112-96E6E67FF455}.Debug|Any CPU.Build.0 = Debug|Any CPU
		{3EF58260-C166-4AD6-8112-96E6E67FF455}.Debug|x64.ActiveCfg = Debug|Any CPU
		{3EF58260-C166-4AD6-8112-96E6E67FF455}.Debug|x64.Build.0 = Debug|Any CPU
		{3EF58260-C166-4AD6-8112-96E6E67FF455}.Debug|x86.ActiveCfg = Debug|Any CPU
		{3EF58260-C166-4AD6-8112-96E6E67FF455}.Debug|x86.Build.0 = Debug|Any CPU
		{3EF58260-C166-4AD6-8112-96E6E67FF455}.Release|Any CPU.ActiveCfg = Release|Any CPU
		{3EF58260-C166-4AD6-8112-96E6E67FF455}.Release|Any CPU.Build.0 = Release|Any CPU
		{3EF58260-C166-4AD6-8112-96E6E67FF455}.Release|x64.ActiveCfg = Release|Any CPU
		{3EF58260-C166-4AD6-8112-96E6E67FF455}.Release|x64.Build.0 = Release|Any CPU
		{3EF58260-C166-4AD6-8112-96E6E67FF455}.Release|x86.ActiveCfg = Release|Any CPU
		{3EF58260-C166-4AD6-8112-96E6E67FF455}.Release|x86.Build.0 = Release|Any CPU
		{38B23106-D7A0-4C53-A446-BD53F837CC0A}.Debug|Any CPU.ActiveCfg = Debug|Any CPU
		{38B23106-D7A0-4C53-A446-BD53F837CC0A}.Debug|Any CPU.Build.0 = Debug|Any CPU
		{38B23106-D7A0-4C53-A446-BD53F837CC0A}.Debug|x64.ActiveCfg = Debug|Any CPU
		{38B23106-D7A0-4C53-A446-BD53F837CC0A}.Debug|x64.Build.0 = Debug|Any CPU
		{38B23106-D7A0-4C53-A446-BD53F837CC0A}.Debug|x86.ActiveCfg = Debug|Any CPU
		{38B23106-D7A0-4C53-A446-BD53F837CC0A}.Debug|x86.Build.0 = Debug|Any CPU
		{38B23106-D7A0-4C53-A446-BD53F837CC0A}.Release|Any CPU.ActiveCfg = Release|Any CPU
		{38B23106-D7A0-4C53-A446-BD53F837CC0A}.Release|Any CPU.Build.0 = Release|Any CPU
		{38B23106-D7A0-4C53-A446-BD53F837CC0A}.Release|x64.ActiveCfg = Release|Any CPU
		{38B23106-D7A0-4C53-A446-BD53F837CC0A}.Release|x64.Build.0 = Release|Any CPU
		{38B23106-D7A0-4C53-A446-BD53F837CC0A}.Release|x86.ActiveCfg = Release|Any CPU
		{38B23106-D7A0-4C53-A446-BD53F837CC0A}.Release|x86.Build.0 = Release|Any CPU
		{F31BB6CB-7D78-4573-BE2D-32EDA5F299BD}.Debug|Any CPU.ActiveCfg = Debug|Any CPU
		{F31BB6CB-7D78-4573-BE2D-32EDA5F299BD}.Debug|Any CPU.Build.0 = Debug|Any CPU
		{F31BB6CB-7D78-4573-BE2D-32EDA5F299BD}.Debug|x64.ActiveCfg = Debug|Any CPU
		{F31BB6CB-7D78-4573-BE2D-32EDA5F299BD}.Debug|x64.Build.0 = Debug|Any CPU
		{F31BB6CB-7D78-4573-BE2D-32EDA5F299BD}.Debug|x86.ActiveCfg = Debug|Any CPU
		{F31BB6CB-7D78-4573-BE2D-32EDA5F299BD}.Debug|x86.Build.0 = Debug|Any CPU
		{F31BB6CB-7D78-4573-BE2D-32EDA5F299BD}.Release|Any CPU.ActiveCfg = Release|Any CPU
		{F31BB6CB-7D78-4573-BE2D-32EDA5F299BD}.Release|Any CPU.Build.0 = Release|Any CPU
		{F31BB6CB-7D78-4573-BE2D-32EDA5F299BD}.Release|x64.ActiveCfg = Release|Any CPU
		{F31BB6CB-7D78-4573-BE2D-32EDA5F299BD}.Release|x64.Build.0 = Release|Any CPU
		{F31BB6CB-7D78-4573-BE2D-32EDA5F299BD}.Release|x86.ActiveCfg = Release|Any CPU
		{F31BB6CB-7D78-4573-BE2D-32EDA5F299BD}.Release|x86.Build.0 = Release|Any CPU
		{8784C807-410C-444C-A004-7456F660F2CA}.Debug|Any CPU.ActiveCfg = Debug|Any CPU
		{8784C807-410C-444C-A004-7456F660F2CA}.Debug|Any CPU.Build.0 = Debug|Any CPU
		{8784C807-410C-444C-A004-7456F660F2CA}.Debug|x64.ActiveCfg = Debug|Any CPU
		{8784C807-410C-444C-A004-7456F660F2CA}.Debug|x64.Build.0 = Debug|Any CPU
		{8784C807-410C-444C-A004-7456F660F2CA}.Debug|x86.ActiveCfg = Debug|Any CPU
		{8784C807-410C-444C-A004-7456F660F2CA}.Debug|x86.Build.0 = Debug|Any CPU
		{8784C807-410C-444C-A004-7456F660F2CA}.Release|Any CPU.ActiveCfg = Release|Any CPU
		{8784C807-410C-444C-A004-7456F660F2CA}.Release|Any CPU.Build.0 = Release|Any CPU
		{8784C807-410C-444C-A004-7456F660F2CA}.Release|x64.ActiveCfg = Release|Any CPU
		{8784C807-410C-444C-A004-7456F660F2CA}.Release|x64.Build.0 = Release|Any CPU
		{8784C807-410C-444C-A004-7456F660F2CA}.Release|x86.ActiveCfg = Release|Any CPU
		{8784C807-410C-444C-A004-7456F660F2CA}.Release|x86.Build.0 = Release|Any CPU
		{C390857C-26AE-4DE4-9DB5-089075716A14}.Debug|Any CPU.ActiveCfg = Debug|Any CPU
		{C390857C-26AE-4DE4-9DB5-089075716A14}.Debug|Any CPU.Build.0 = Debug|Any CPU
		{C390857C-26AE-4DE4-9DB5-089075716A14}.Debug|x64.ActiveCfg = Debug|Any CPU
		{C390857C-26AE-4DE4-9DB5-089075716A14}.Debug|x64.Build.0 = Debug|Any CPU
		{C390857C-26AE-4DE4-9DB5-089075716A14}.Debug|x86.ActiveCfg = Debug|Any CPU
		{C390857C-26AE-4DE4-9DB5-089075716A14}.Debug|x86.Build.0 = Debug|Any CPU
		{C390857C-26AE-4DE4-9DB5-089075716A14}.Release|Any CPU.ActiveCfg = Release|Any CPU
		{C390857C-26AE-4DE4-9DB5-089075716A14}.Release|Any CPU.Build.0 = Release|Any CPU
		{C390857C-26AE-4DE4-9DB5-089075716A14}.Release|x64.ActiveCfg = Release|Any CPU
		{C390857C-26AE-4DE4-9DB5-089075716A14}.Release|x64.Build.0 = Release|Any CPU
		{C390857C-26AE-4DE4-9DB5-089075716A14}.Release|x86.ActiveCfg = Release|Any CPU
		{C390857C-26AE-4DE4-9DB5-089075716A14}.Release|x86.Build.0 = Release|Any CPU
		{06076325-17E0-4AC9-A1CD-AC1E29EC8E4D}.Debug|Any CPU.ActiveCfg = Debug|Any CPU
		{06076325-17E0-4AC9-A1CD-AC1E29EC8E4D}.Debug|Any CPU.Build.0 = Debug|Any CPU
		{06076325-17E0-4AC9-A1CD-AC1E29EC8E4D}.Debug|x64.ActiveCfg = Debug|Any CPU
		{06076325-17E0-4AC9-A1CD-AC1E29EC8E4D}.Debug|x64.Build.0 = Debug|Any CPU
		{06076325-17E0-4AC9-A1CD-AC1E29EC8E4D}.Debug|x86.ActiveCfg = Debug|Any CPU
		{06076325-17E0-4AC9-A1CD-AC1E29EC8E4D}.Debug|x86.Build.0 = Debug|Any CPU
		{06076325-17E0-4AC9-A1CD-AC1E29EC8E4D}.Release|Any CPU.ActiveCfg = Release|Any CPU
		{06076325-17E0-4AC9-A1CD-AC1E29EC8E4D}.Release|Any CPU.Build.0 = Release|Any CPU
		{06076325-17E0-4AC9-A1CD-AC1E29EC8E4D}.Release|x64.ActiveCfg = Release|Any CPU
		{06076325-17E0-4AC9-A1CD-AC1E29EC8E4D}.Release|x64.Build.0 = Release|Any CPU
		{06076325-17E0-4AC9-A1CD-AC1E29EC8E4D}.Release|x86.ActiveCfg = Release|Any CPU
		{06076325-17E0-4AC9-A1CD-AC1E29EC8E4D}.Release|x86.Build.0 = Release|Any CPU
		{2932CC6C-F8C7-4261-8355-6C27A0DB6B59}.Debug|Any CPU.ActiveCfg = Debug|Any CPU
		{2932CC6C-F8C7-4261-8355-6C27A0DB6B59}.Debug|Any CPU.Build.0 = Debug|Any CPU
		{2932CC6C-F8C7-4261-8355-6C27A0DB6B59}.Debug|x64.ActiveCfg = Debug|Any CPU
		{2932CC6C-F8C7-4261-8355-6C27A0DB6B59}.Debug|x64.Build.0 = Debug|Any CPU
		{2932CC6C-F8C7-4261-8355-6C27A0DB6B59}.Debug|x86.ActiveCfg = Debug|Any CPU
		{2932CC6C-F8C7-4261-8355-6C27A0DB6B59}.Debug|x86.Build.0 = Debug|Any CPU
		{2932CC6C-F8C7-4261-8355-6C27A0DB6B59}.Release|Any CPU.ActiveCfg = Release|Any CPU
		{2932CC6C-F8C7-4261-8355-6C27A0DB6B59}.Release|Any CPU.Build.0 = Release|Any CPU
		{2932CC6C-F8C7-4261-8355-6C27A0DB6B59}.Release|x64.ActiveCfg = Release|Any CPU
		{2932CC6C-F8C7-4261-8355-6C27A0DB6B59}.Release|x64.Build.0 = Release|Any CPU
		{2932CC6C-F8C7-4261-8355-6C27A0DB6B59}.Release|x86.ActiveCfg = Release|Any CPU
		{2932CC6C-F8C7-4261-8355-6C27A0DB6B59}.Release|x86.Build.0 = Release|Any CPU
		{68F2817D-0C79-4425-A12D-0C22CBDC07A6}.Debug|Any CPU.ActiveCfg = Debug|Any CPU
		{68F2817D-0C79-4425-A12D-0C22CBDC07A6}.Debug|Any CPU.Build.0 = Debug|Any CPU
		{68F2817D-0C79-4425-A12D-0C22CBDC07A6}.Debug|x64.ActiveCfg = Debug|Any CPU
		{68F2817D-0C79-4425-A12D-0C22CBDC07A6}.Debug|x64.Build.0 = Debug|Any CPU
		{68F2817D-0C79-4425-A12D-0C22CBDC07A6}.Debug|x86.ActiveCfg = Debug|Any CPU
		{68F2817D-0C79-4425-A12D-0C22CBDC07A6}.Debug|x86.Build.0 = Debug|Any CPU
		{68F2817D-0C79-4425-A12D-0C22CBDC07A6}.Release|Any CPU.ActiveCfg = Release|Any CPU
		{68F2817D-0C79-4425-A12D-0C22CBDC07A6}.Release|Any CPU.Build.0 = Release|Any CPU
		{68F2817D-0C79-4425-A12D-0C22CBDC07A6}.Release|x64.ActiveCfg = Release|Any CPU
		{68F2817D-0C79-4425-A12D-0C22CBDC07A6}.Release|x64.Build.0 = Release|Any CPU
		{68F2817D-0C79-4425-A12D-0C22CBDC07A6}.Release|x86.ActiveCfg = Release|Any CPU
		{68F2817D-0C79-4425-A12D-0C22CBDC07A6}.Release|x86.Build.0 = Release|Any CPU
		{2B09995D-65DB-4D34-ADD5-BBF1AD013F94}.Debug|Any CPU.ActiveCfg = Debug|Any CPU
		{2B09995D-65DB-4D34-ADD5-BBF1AD013F94}.Debug|Any CPU.Build.0 = Debug|Any CPU
		{2B09995D-65DB-4D34-ADD5-BBF1AD013F94}.Debug|x64.ActiveCfg = Debug|Any CPU
		{2B09995D-65DB-4D34-ADD5-BBF1AD013F94}.Debug|x64.Build.0 = Debug|Any CPU
		{2B09995D-65DB-4D34-ADD5-BBF1AD013F94}.Debug|x86.ActiveCfg = Debug|Any CPU
		{2B09995D-65DB-4D34-ADD5-BBF1AD013F94}.Debug|x86.Build.0 = Debug|Any CPU
		{2B09995D-65DB-4D34-ADD5-BBF1AD013F94}.Release|Any CPU.ActiveCfg = Release|Any CPU
		{2B09995D-65DB-4D34-ADD5-BBF1AD013F94}.Release|Any CPU.Build.0 = Release|Any CPU
		{2B09995D-65DB-4D34-ADD5-BBF1AD013F94}.Release|x64.ActiveCfg = Release|Any CPU
		{2B09995D-65DB-4D34-ADD5-BBF1AD013F94}.Release|x64.Build.0 = Release|Any CPU
		{2B09995D-65DB-4D34-ADD5-BBF1AD013F94}.Release|x86.ActiveCfg = Release|Any CPU
		{2B09995D-65DB-4D34-ADD5-BBF1AD013F94}.Release|x86.Build.0 = Release|Any CPU
		{FCBD7543-79A4-43EC-AA61-70190F8FEA4D}.Debug|Any CPU.ActiveCfg = Debug|Any CPU
		{FCBD7543-79A4-43EC-AA61-70190F8FEA4D}.Debug|Any CPU.Build.0 = Debug|Any CPU
		{FCBD7543-79A4-43EC-AA61-70190F8FEA4D}.Debug|x64.ActiveCfg = Debug|Any CPU
		{FCBD7543-79A4-43EC-AA61-70190F8FEA4D}.Debug|x64.Build.0 = Debug|Any CPU
		{FCBD7543-79A4-43EC-AA61-70190F8FEA4D}.Debug|x86.ActiveCfg = Debug|Any CPU
		{FCBD7543-79A4-43EC-AA61-70190F8FEA4D}.Debug|x86.Build.0 = Debug|Any CPU
		{FCBD7543-79A4-43EC-AA61-70190F8FEA4D}.Release|Any CPU.ActiveCfg = Release|Any CPU
		{FCBD7543-79A4-43EC-AA61-70190F8FEA4D}.Release|Any CPU.Build.0 = Release|Any CPU
		{FCBD7543-79A4-43EC-AA61-70190F8FEA4D}.Release|x64.ActiveCfg = Release|Any CPU
		{FCBD7543-79A4-43EC-AA61-70190F8FEA4D}.Release|x64.Build.0 = Release|Any CPU
		{FCBD7543-79A4-43EC-AA61-70190F8FEA4D}.Release|x86.ActiveCfg = Release|Any CPU
		{FCBD7543-79A4-43EC-AA61-70190F8FEA4D}.Release|x86.Build.0 = Release|Any CPU
		{08210C49-79D0-47B4-A3A3-998DE183AE82}.Debug|Any CPU.ActiveCfg = Debug|Any CPU
		{08210C49-79D0-47B4-A3A3-998DE183AE82}.Debug|Any CPU.Build.0 = Debug|Any CPU
		{08210C49-79D0-47B4-A3A3-998DE183AE82}.Debug|x64.ActiveCfg = Debug|Any CPU
		{08210C49-79D0-47B4-A3A3-998DE183AE82}.Debug|x64.Build.0 = Debug|Any CPU
		{08210C49-79D0-47B4-A3A3-998DE183AE82}.Debug|x86.ActiveCfg = Debug|Any CPU
		{08210C49-79D0-47B4-A3A3-998DE183AE82}.Debug|x86.Build.0 = Debug|Any CPU
		{08210C49-79D0-47B4-A3A3-998DE183AE82}.Release|Any CPU.ActiveCfg = Release|Any CPU
		{08210C49-79D0-47B4-A3A3-998DE183AE82}.Release|Any CPU.Build.0 = Release|Any CPU
		{08210C49-79D0-47B4-A3A3-998DE183AE82}.Release|x64.ActiveCfg = Release|Any CPU
		{08210C49-79D0-47B4-A3A3-998DE183AE82}.Release|x64.Build.0 = Release|Any CPU
		{08210C49-79D0-47B4-A3A3-998DE183AE82}.Release|x86.ActiveCfg = Release|Any CPU
		{08210C49-79D0-47B4-A3A3-998DE183AE82}.Release|x86.Build.0 = Release|Any CPU
		{BCAA7289-57A2-4F7F-B472-57FAB2E81926}.Debug|Any CPU.ActiveCfg = Debug|Any CPU
		{BCAA7289-57A2-4F7F-B472-57FAB2E81926}.Debug|Any CPU.Build.0 = Debug|Any CPU
		{BCAA7289-57A2-4F7F-B472-57FAB2E81926}.Debug|x64.ActiveCfg = Debug|Any CPU
		{BCAA7289-57A2-4F7F-B472-57FAB2E81926}.Debug|x64.Build.0 = Debug|Any CPU
		{BCAA7289-57A2-4F7F-B472-57FAB2E81926}.Debug|x86.ActiveCfg = Debug|Any CPU
		{BCAA7289-57A2-4F7F-B472-57FAB2E81926}.Debug|x86.Build.0 = Debug|Any CPU
		{BCAA7289-57A2-4F7F-B472-57FAB2E81926}.Release|Any CPU.ActiveCfg = Release|Any CPU
		{BCAA7289-57A2-4F7F-B472-57FAB2E81926}.Release|Any CPU.Build.0 = Release|Any CPU
		{BCAA7289-57A2-4F7F-B472-57FAB2E81926}.Release|x64.ActiveCfg = Release|Any CPU
		{BCAA7289-57A2-4F7F-B472-57FAB2E81926}.Release|x64.Build.0 = Release|Any CPU
		{BCAA7289-57A2-4F7F-B472-57FAB2E81926}.Release|x86.ActiveCfg = Release|Any CPU
		{BCAA7289-57A2-4F7F-B472-57FAB2E81926}.Release|x86.Build.0 = Release|Any CPU
		{01FF58C1-CDD2-477A-81AE-57A7301A102D}.Debug|Any CPU.ActiveCfg = Debug|Any CPU
		{01FF58C1-CDD2-477A-81AE-57A7301A102D}.Debug|Any CPU.Build.0 = Debug|Any CPU
		{01FF58C1-CDD2-477A-81AE-57A7301A102D}.Debug|x64.ActiveCfg = Debug|Any CPU
		{01FF58C1-CDD2-477A-81AE-57A7301A102D}.Debug|x64.Build.0 = Debug|Any CPU
		{01FF58C1-CDD2-477A-81AE-57A7301A102D}.Debug|x86.ActiveCfg = Debug|Any CPU
		{01FF58C1-CDD2-477A-81AE-57A7301A102D}.Debug|x86.Build.0 = Debug|Any CPU
		{01FF58C1-CDD2-477A-81AE-57A7301A102D}.Release|Any CPU.ActiveCfg = Release|Any CPU
		{01FF58C1-CDD2-477A-81AE-57A7301A102D}.Release|Any CPU.Build.0 = Release|Any CPU
		{01FF58C1-CDD2-477A-81AE-57A7301A102D}.Release|x64.ActiveCfg = Release|Any CPU
		{01FF58C1-CDD2-477A-81AE-57A7301A102D}.Release|x64.Build.0 = Release|Any CPU
		{01FF58C1-CDD2-477A-81AE-57A7301A102D}.Release|x86.ActiveCfg = Release|Any CPU
		{01FF58C1-CDD2-477A-81AE-57A7301A102D}.Release|x86.Build.0 = Release|Any CPU
		{CBF0BEE2-2D93-49F2-9873-2657800DC895}.Debug|Any CPU.ActiveCfg = Debug|Any CPU
		{CBF0BEE2-2D93-49F2-9873-2657800DC895}.Debug|Any CPU.Build.0 = Debug|Any CPU
		{CBF0BEE2-2D93-49F2-9873-2657800DC895}.Debug|x64.ActiveCfg = Debug|Any CPU
		{CBF0BEE2-2D93-49F2-9873-2657800DC895}.Debug|x64.Build.0 = Debug|Any CPU
		{CBF0BEE2-2D93-49F2-9873-2657800DC895}.Debug|x86.ActiveCfg = Debug|Any CPU
		{CBF0BEE2-2D93-49F2-9873-2657800DC895}.Debug|x86.Build.0 = Debug|Any CPU
		{CBF0BEE2-2D93-49F2-9873-2657800DC895}.Release|Any CPU.ActiveCfg = Release|Any CPU
		{CBF0BEE2-2D93-49F2-9873-2657800DC895}.Release|Any CPU.Build.0 = Release|Any CPU
		{CBF0BEE2-2D93-49F2-9873-2657800DC895}.Release|x64.ActiveCfg = Release|Any CPU
		{CBF0BEE2-2D93-49F2-9873-2657800DC895}.Release|x64.Build.0 = Release|Any CPU
		{CBF0BEE2-2D93-49F2-9873-2657800DC895}.Release|x86.ActiveCfg = Release|Any CPU
		{CBF0BEE2-2D93-49F2-9873-2657800DC895}.Release|x86.Build.0 = Release|Any CPU
	EndGlobalSection
	GlobalSection(SolutionProperties) = preSolution
		HideSolutionNode = FALSE
	EndGlobalSection
	GlobalSection(NestedProjects) = preSolution
		{2FE0B5DB-F814-4993-A27A-C0B50861B619} = {827E0CD3-B72D-47B6-A68D-7590B98EB39B}
		{4FAD20BA-9992-415D-854A-CAEFE915DA15} = {827E0CD3-B72D-47B6-A68D-7590B98EB39B}
		{D7EEAB41-74BA-4767-85A4-8E38FA28EEA1} = {827E0CD3-B72D-47B6-A68D-7590B98EB39B}
		{94AEFEA3-F6CE-47F0-A31F-DC85B18FC8B8} = {827E0CD3-B72D-47B6-A68D-7590B98EB39B}
		{56727588-4E8E-4652-9012-49BE564BEFE7} = {0AB3BF05-4346-4AA6-1389-037BE0695223}
		{F3416E02-AF41-49B9-999E-65875A11684C} = {0AB3BF05-4346-4AA6-1389-037BE0695223}
		{72A85358-FBC1-4BE7-8434-906F02DB2A3D} = {0AB3BF05-4346-4AA6-1389-037BE0695223}
		{9C191360-B224-4B7B-8E6C-ECB570EE125F} = {827E0CD3-B72D-47B6-A68D-7590B98EB39B}
		{3EF58260-C166-4AD6-8112-96E6E67FF455} = {827E0CD3-B72D-47B6-A68D-7590B98EB39B}
		{38B23106-D7A0-4C53-A446-BD53F837CC0A} = {0AB3BF05-4346-4AA6-1389-037BE0695223}
		{F31BB6CB-7D78-4573-BE2D-32EDA5F299BD} = {0AB3BF05-4346-4AA6-1389-037BE0695223}
		{8784C807-410C-444C-A004-7456F660F2CA} = {66320409-64EC-F7C5-3DEF-65E7510DAAD1}
		{C390857C-26AE-4DE4-9DB5-089075716A14} = {827E0CD3-B72D-47B6-A68D-7590B98EB39B}
		{06076325-17E0-4AC9-A1CD-AC1E29EC8E4D} = {827E0CD3-B72D-47B6-A68D-7590B98EB39B}
		{2932CC6C-F8C7-4261-8355-6C27A0DB6B59} = {827E0CD3-B72D-47B6-A68D-7590B98EB39B}
		{68F2817D-0C79-4425-A12D-0C22CBDC07A6} = {827E0CD3-B72D-47B6-A68D-7590B98EB39B}
		{2B09995D-65DB-4D34-ADD5-BBF1AD013F94} = {827E0CD3-B72D-47B6-A68D-7590B98EB39B}
		{FCBD7543-79A4-43EC-AA61-70190F8FEA4D} = {827E0CD3-B72D-47B6-A68D-7590B98EB39B}
		{08210C49-79D0-47B4-A3A3-998DE183AE82} = {827E0CD3-B72D-47B6-A68D-7590B98EB39B}
		{BCAA7289-57A2-4F7F-B472-57FAB2E81926} = {827E0CD3-B72D-47B6-A68D-7590B98EB39B}
		{01FF58C1-CDD2-477A-81AE-57A7301A102D} = {827E0CD3-B72D-47B6-A68D-7590B98EB39B}
		{CBF0BEE2-2D93-49F2-9873-2657800DC895} = {827E0CD3-B72D-47B6-A68D-7590B98EB39B}
	EndGlobalSection
EndGlobal
